// !$*UTF8*$!
{
	archiveVersion = 1;
	classes = {
	};
	objectVersion = 50;
	objects = {

/* Begin PBXBuildFile section */
		4C1CC75B27CE4423003BB209 /* AppDelegate.swift in Sources */ = {isa = PBXBuildFile; fileRef = 4C1CC75A27CE4423003BB209 /* AppDelegate.swift */; };
		4C1CC75D27CE4423003BB209 /* SceneDelegate.swift in Sources */ = {isa = PBXBuildFile; fileRef = 4C1CC75C27CE4423003BB209 /* SceneDelegate.swift */; };
		4C1CC75F27CE4423003BB209 /* ContactViewController.swift in Sources */ = {isa = PBXBuildFile; fileRef = 4C1CC75E27CE4423003BB209 /* ContactViewController.swift */; };
		4C1CC76227CE4423003BB209 /* Main.storyboard in Resources */ = {isa = PBXBuildFile; fileRef = 4C1CC76027CE4423003BB209 /* Main.storyboard */; };
		4C1CC76427CE4424003BB209 /* Assets.xcassets in Resources */ = {isa = PBXBuildFile; fileRef = 4C1CC76327CE4424003BB209 /* Assets.xcassets */; };
		4C1CC76727CE4424003BB209 /* LaunchScreen.storyboard in Resources */ = {isa = PBXBuildFile; fileRef = 4C1CC76527CE4424003BB209 /* LaunchScreen.storyboard */; };
		4C1CC76F27CE446A003BB209 /* phoneEntry.swift in Sources */ = {isa = PBXBuildFile; fileRef = 4C1CC76E27CE446A003BB209 /* phoneEntry.swift */; };
		4C1CC77127CE52DB003BB209 /* ContactsTableViewController.swift in Sources */ = {isa = PBXBuildFile; fileRef = 4C1CC77027CE52DB003BB209 /* ContactsTableViewController.swift */; };
/* End PBXBuildFile section */

/* Begin PBXFileReference section */
		4C1CC75727CE4423003BB209 /* PhoneEntry.app */ = {isa = PBXFileReference; explicitFileType = wrapper.application; includeInIndex = 0; path = PhoneEntry.app; sourceTree = BUILT_PRODUCTS_DIR; };
		4C1CC75A27CE4423003BB209 /* AppDelegate.swift */ = {isa = PBXFileReference; lastKnownFileType = sourcecode.swift; path = AppDelegate.swift; sourceTree = "<group>"; };
		4C1CC75C27CE4423003BB209 /* SceneDelegate.swift */ = {isa = PBXFileReference; lastKnownFileType = sourcecode.swift; path = SceneDelegate.swift; sourceTree = "<group>"; };
		4C1CC75E27CE4423003BB209 /* ContactViewController.swift */ = {isa = PBXFileReference; lastKnownFileType = sourcecode.swift; path = ContactViewController.swift; sourceTree = "<group>"; };
		4C1CC76127CE4423003BB209 /* Base */ = {isa = PBXFileReference; lastKnownFileType = file.storyboard; name = Base; path = Base.lproj/Main.storyboard; sourceTree = "<group>"; };
		4C1CC76327CE4424003BB209 /* Assets.xcassets */ = {isa = PBXFileReference; lastKnownFileType = folder.assetcatalog; path = Assets.xcassets; sourceTree = "<group>"; };
		4C1CC76627CE4424003BB209 /* Base */ = {isa = PBXFileReference; lastKnownFileType = file.storyboard; name = Base; path = Base.lproj/LaunchScreen.storyboard; sourceTree = "<group>"; };
		4C1CC76827CE4424003BB209 /* Info.plist */ = {isa = PBXFileReference; lastKnownFileType = text.plist.xml; path = Info.plist; sourceTree = "<group>"; };
		4C1CC76E27CE446A003BB209 /* phoneEntry.swift */ = {isa = PBXFileReference; lastKnownFileType = sourcecode.swift; path = phoneEntry.swift; sourceTree = "<group>"; };
		4C1CC77027CE52DB003BB209 /* ContactsTableViewController.swift */ = {isa = PBXFileReference; lastKnownFileType = sourcecode.swift; path = ContactsTableViewController.swift; sourceTree = "<group>"; };
/* End PBXFileReference section */

/* Begin PBXFrameworksBuildPhase section */
		4C1CC75427CE4423003BB209 /* Frameworks */ = {
			isa = PBXFrameworksBuildPhase;
			buildActionMask = 2147483647;
			files = (
			);
			runOnlyForDeploymentPostprocessing = 0;
		};
/* End PBXFrameworksBuildPhase section */

/* Begin PBXGroup section */
		4C1CC74E27CE4423003BB209 = {
			isa = PBXGroup;
			children = (
				4C1CC75927CE4423003BB209 /* PhoneEntry */,
				4C1CC75827CE4423003BB209 /* Products */,
			);
			sourceTree = "<group>";
		};
		4C1CC75827CE4423003BB209 /* Products */ = {
			isa = PBXGroup;
			children = (
				4C1CC75727CE4423003BB209 /* PhoneEntry.app */,
			);
			name = Products;
			sourceTree = "<group>";
		};
		4C1CC75927CE4423003BB209 /* PhoneEntry */ = {
			isa = PBXGroup;
			children = (
				4C1CC75A27CE4423003BB209 /* AppDelegate.swift */,
				4C1CC75C27CE4423003BB209 /* SceneDelegate.swift */,
				4C1CC75E27CE4423003BB209 /* ContactViewController.swift */,
				4C1CC76027CE4423003BB209 /* Main.storyboard */,
				4C1CC77027CE52DB003BB209 /* ContactsTableViewController.swift */,
				4C1CC76327CE4424003BB209 /* Assets.xcassets */,
				4C1CC76E27CE446A003BB209 /* phoneEntry.swift */,
				4C1CC76527CE4424003BB209 /* LaunchScreen.storyboard */,
				4C1CC76827CE4424003BB209 /* Info.plist */,
			);
			path = PhoneEntry;
			sourceTree = "<group>";
		};
/* End PBXGroup section */

/* Begin PBXNativeTarget section */
		4C1CC75627CE4423003BB209 /* PhoneEntry */ = {
			isa = PBXNativeTarget;
			buildConfigurationList = 4C1CC76B27CE4424003BB209 /* Build configuration list for PBXNativeTarget "PhoneEntry" */;
			buildPhases = (
				4C1CC75327CE4423003BB209 /* Sources */,
				4C1CC75427CE4423003BB209 /* Frameworks */,
				4C1CC75527CE4423003BB209 /* Resources */,
			);
			buildRules = (
			);
			dependencies = (
			);
			name = PhoneEntry;
			productName = PhoneEntry;
			productReference = 4C1CC75727CE4423003BB209 /* PhoneEntry.app */;
			productType = "com.apple.product-type.application";
		};
/* End PBXNativeTarget section */

/* Begin PBXProject section */
		4C1CC74F27CE4423003BB209 /* Project object */ = {
			isa = PBXProject;
			attributes = {
				LastSwiftUpdateCheck = 1250;
				LastUpgradeCheck = 1250;
				TargetAttributes = {
					4C1CC75627CE4423003BB209 = {
						CreatedOnToolsVersion = 12.5.1;
					};
				};
			};
			buildConfigurationList = 4C1CC75227CE4423003BB209 /* Build configuration list for PBXProject "PhoneEntry" */;
			compatibilityVersion = "Xcode 9.3";
			developmentRegion = en;
			hasScannedForEncodings = 0;
			knownRegions = (
				en,
				Base,
			);
			mainGroup = 4C1CC74E27CE4423003BB209;
			productRefGroup = 4C1CC75827CE4423003BB209 /* Products */;
			projectDirPath = "";
			projectRoot = "";
			targets = (
				4C1CC75627CE4423003BB209 /* PhoneEntry */,
			);
		};
/* End PBXProject section */

/* Begin PBXResourcesBuildPhase section */
		4C1CC75527CE4423003BB209 /* Resources */ = {
			isa = PBXResourcesBuildPhase;
			buildActionMask = 2147483647;
			files = (
				4C1CC76727CE4424003BB209 /* LaunchScreen.storyboard in Resources */,
				4C1CC76427CE4424003BB209 /* Assets.xcassets in Resources */,
				4C1CC76227CE4423003BB209 /* Main.storyboard in Resources */,
			);
			runOnlyForDeploymentPostprocessing = 0;
		};
/* End PBXResourcesBuildPhase section */

/* Begin PBXSourcesBuildPhase section */
		4C1CC75327CE4423003BB209 /* Sources */ = {
			isa = PBXSourcesBuildPhase;
			buildActionMask = 2147483647;
			files = (
				4C1CC75F27CE4423003BB209 /* ContactViewController.swift in Sources */,
				4C1CC75B27CE4423003BB209 /* AppDelegate.swift in Sources */,
				4C1CC77127CE52DB003BB209 /* ContactsTableViewController.swift in Sources */,
				4C1CC75D27CE4423003BB209 /* SceneDelegate.swift in Sources */,
				4C1CC76F27CE446A003BB209 /* phoneEntry.swift in Sources */,
			);
			runOnlyForDeploymentPostprocessing = 0;
		};
/* End PBXSourcesBuildPhase section */

/* Begin PBXVariantGroup section */
		4C1CC76027CE4423003BB209 /* Main.storyboard */ = {
			isa = PBXVariantGroup;
			children = (
				4C1CC76127CE4423003BB209 /* Base */,
			);
			name = Main.storyboard;
			sourceTree = "<group>";
		};
		4C1CC76527CE4424003BB209 /* LaunchScreen.storyboard */ = {
			isa = PBXVariantGroup;
			children = (
				4C1CC76627CE4424003BB209 /* Base */,
			);
			name = LaunchScreen.storyboard;
			sourceTree = "<group>";
		};
/* End PBXVariantGroup section */

/* Begin XCBuildConfiguration section */
		4C1CC76927CE4424003BB209 /* Debug */ = {
			isa = XCBuildConfiguration;
			buildSettings = {
				ALWAYS_SEARCH_USER_PATHS = NO;
				CLANG_ANALYZER_NONNULL = YES;
				CLANG_ANALYZER_NUMBER_OBJECT_CONVERSION = YES_AGGRESSIVE;
				CLANG_CXX_LANGUAGE_STANDARD = "gnu++14";
				CLANG_CXX_LIBRARY = "libc++";
				CLANG_ENABLE_MODULES = YES;
				CLANG_ENABLE_OBJC_ARC = YES;
				CLANG_ENABLE_OBJC_WEAK = YES;
				CLANG_WARN_BLOCK_CAPTURE_AUTORELEASING = YES;
				CLANG_WARN_BOOL_CONVERSION = YES;
				CLANG_WARN_COMMA = YES;
				CLANG_WARN_CONSTANT_CONVERSION = YES;
				CLANG_WARN_DEPRECATED_OBJC_IMPLEMENTATIONS = YES;
				CLANG_WARN_DIRECT_OBJC_ISA_USAGE = YES_ERROR;
				CLANG_WARN_DOCUMENTATION_COMMENTS = YES;
				CLANG_WARN_EMPTY_BODY = YES;
				CLANG_WARN_ENUM_CONVERSION = YES;
				CLANG_WARN_INFINITE_RECURSION = YES;
				CLANG_WARN_INT_CONVERSION = YES;
				CLANG_WARN_NON_LITERAL_NULL_CONVERSION = YES;
				CLANG_WARN_OBJC_IMPLICIT_RETAIN_SELF = YES;
				CLANG_WARN_OBJC_LITERAL_CONVERSION = YES;
				CLANG_WARN_OBJC_ROOT_CLASS = YES_ERROR;
				CLANG_WARN_QUOTED_INCLUDE_IN_FRAMEWORK_HEADER = YES;
				CLANG_WARN_RANGE_LOOP_ANALYSIS = YES;
				CLANG_WARN_STRICT_PROTOTYPES = YES;
				CLANG_WARN_SUSPICIOUS_MOVE = YES;
				CLANG_WARN_UNGUARDED_AVAILABILITY = YES_AGGRESSIVE;
				CLANG_WARN_UNREACHABLE_CODE = YES;
				CLANG_WARN__DUPLICATE_METHOD_MATCH = YES;
				COPY_PHASE_STRIP = NO;
				DEBUG_INFORMATION_FORMAT = dwarf;
				ENABLE_STRICT_OBJC_MSGSEND = YES;
				ENABLE_TESTABILITY = YES;
				GCC_C_LANGUAGE_STANDARD = gnu11;
				GCC_DYNAMIC_NO_PIC = NO;
				GCC_NO_COMMON_BLOCKS = YES;
				GCC_OPTIMIZATION_LEVEL = 0;
				GCC_PREPROCESSOR_DEFINITIONS = (
					"DEBUG=1",
					"$(inherited)",
				);
				GCC_WARN_64_TO_32_BIT_CONVERSION = YES;
				GCC_WARN_ABOUT_RETURN_TYPE = YES_ERROR;
				GCC_WARN_UNDECLARED_SELECTOR = YES;
				GCC_WARN_UNINITIALIZED_AUTOS = YES_AGGRESSIVE;
				GCC_WARN_UNUSED_FUNCTION = YES;
				GCC_WARN_UNUSED_VARIABLE = YES;
				IPHONEOS_DEPLOYMENT_TARGET = 14.5;
				MTL_ENABLE_DEBUG_INFO = INCLUDE_SOURCE;
				MTL_FAST_MATH = YES;
				ONLY_ACTIVE_ARCH = YES;
				SDKROOT = iphoneos;
				SWIFT_ACTIVE_COMPILATION_CONDITIONS = DEBUG;
				SWIFT_OPTIMIZATION_LEVEL = "-Onone";
			};
			name = Debug;
		};
		4C1CC76A27CE4424003BB209 /* Release */ = {
			isa = XCBuildConfiguration;
			buildSettings = {
				ALWAYS_SEARCH_USER_PATHS = NO;
				CLANG_ANALYZER_NONNULL = YES;
				CLANG_ANALYZER_NUMBER_OBJECT_CONVERSION = YES_AGGRESSIVE;
				CLANG_CXX_LANGUAGE_STANDARD = "gnu++14";
				CLANG_CXX_LIBRARY = "libc++";
				CLANG_ENABLE_MODULES = YES;
				CLANG_ENABLE_OBJC_ARC = YES;
				CLANG_ENABLE_OBJC_WEAK = YES;
				CLANG_WARN_BLOCK_CAPTURE_AUTORELEASING = YES;
				CLANG_WARN_BOOL_CONVERSION = YES;
				CLANG_WARN_COMMA = YES;
				CLANG_WARN_CONSTANT_CONVERSION = YES;
				CLANG_WARN_DEPRECATED_OBJC_IMPLEMENTATIONS = YES;
				CLANG_WARN_DIRECT_OBJC_ISA_USAGE = YES_ERROR;
				CLANG_WARN_DOCUMENTATION_COMMENTS = YES;
				CLANG_WARN_EMPTY_BODY = YES;
				CLANG_WARN_ENUM_CONVERSION = YES;
				CLANG_WARN_INFINITE_RECURSION = YES;
				CLANG_WARN_INT_CONVERSION = YES;
				CLANG_WARN_NON_LITERAL_NULL_CONVERSION = YES;
				CLANG_WARN_OBJC_IMPLICIT_RETAIN_SELF = YES;
				CLANG_WARN_OBJC_LITERAL_CONVERSION = YES;
				CLANG_WARN_OBJC_ROOT_CLASS = YES_ERROR;
				CLANG_WARN_QUOTED_INCLUDE_IN_FRAMEWORK_HEADER = YES;
				CLANG_WARN_RANGE_LOOP_ANALYSIS = YES;
				CLANG_WARN_STRICT_PROTOTYPES = YES;
				CLANG_WARN_SUSPICIOUS_MOVE = YES;
				CLANG_WARN_UNGUARDED_AVAILABILITY = YES_AGGRESSIVE;
				CLANG_WARN_UNREACHABLE_CODE = YES;
				CLANG_WARN__DUPLICATE_METHOD_MATCH = YES;
				COPY_PHASE_STRIP = NO;
				DEBUG_INFORMATION_FORMAT = "dwarf-with-dsym";
				ENABLE_NS_ASSERTIONS = NO;
				ENABLE_STRICT_OBJC_MSGSEND = YES;
				GCC_C_LANGUAGE_STANDARD = gnu11;
				GCC_NO_COMMON_BLOCKS = YES;
				GCC_WARN_64_TO_32_BIT_CONVERSION = YES;
				GCC_WARN_ABOUT_RETURN_TYPE = YES_ERROR;
				GCC_WARN_UNDECLARED_SELECTOR = YES;
				GCC_WARN_UNINITIALIZED_AUTOS = YES_AGGRESSIVE;
				GCC_WARN_UNUSED_FUNCTION = YES;
				GCC_WARN_UNUSED_VARIABLE = YES;
				IPHONEOS_DEPLOYMENT_TARGET = 14.5;
				MTL_ENABLE_DEBUG_INFO = NO;
				MTL_FAST_MATH = YES;
				SDKROOT = iphoneos;
				SWIFT_COMPILATION_MODE = wholemodule;
				SWIFT_OPTIMIZATION_LEVEL = "-O";
				VALIDATE_PRODUCT = YES;
			};
			name = Release;
		};
		4C1CC76C27CE4424003BB209 /* Debug */ = {
			isa = XCBuildConfiguration;
			buildSettings = {
				ASSETCATALOG_COMPILER_APPICON_NAME = AppIcon;
				ASSETCATALOG_COMPILER_GLOBAL_ACCENT_COLOR_NAME = AccentColor;
				CODE_SIGN_STYLE = Automatic;
				INFOPLIST_FILE = PhoneEntry/Info.plist;
				LD_RUNPATH_SEARCH_PATHS = (
					"$(inherited)",
					"@executable_path/Frameworks",
				);
				PRODUCT_BUNDLE_IDENTIFIER = uk.ac.southwales.PhoneEntry;
				PRODUCT_NAME = "$(TARGET_NAME)";
				SWIFT_VERSION = 5.0;
				TARGETED_DEVICE_FAMILY = "1,2";
			};
			name = Debug;
		};
		4C1CC76D27CE4424003BB209 /* Release */ = {
			isa = XCBuildConfiguration;
			buildSettings = {
				ASSETCATALOG_COMPILER_APPICON_NAME = AppIcon;
				ASSETCATALOG_COMPILER_GLOBAL_ACCENT_COLOR_NAME = AccentColor;
				CODE_SIGN_STYLE = Automatic;
				INFOPLIST_FILE = PhoneEntry/Info.plist;
				LD_RUNPATH_SEARCH_PATHS = (
					"$(inherited)",
					"@executable_path/Frameworks",
				);
				PRODUCT_BUNDLE_IDENTIFIER = uk.ac.southwales.PhoneEntry;
				PRODUCT_NAME = "$(TARGET_NAME)";
				SWIFT_VERSION = 5.0;
				TARGETED_DEVICE_FAMILY = "1,2";
			};
			name = Release;
		};
/* End XCBuildConfiguration section */

/* Begin XCConfigurationList section */
		4C1CC75227CE4423003BB209 /* Build configuration list for PBXProject "PhoneEntry" */ = {
			isa = XCConfigurationList;
			buildConfigurations = (
				4C1CC76927CE4424003BB209 /* Debug */,
				4C1CC76A27CE4424003BB209 /* Release */,
			);
			defaultConfigurationIsVisible = 0;
			defaultConfigurationName = Release;
		};
		4C1CC76B27CE4424003BB209 /* Build configuration list for PBXNativeTarget "PhoneEntry" */ = {
			isa = XCConfigurationList;
			buildConfigurations = (
				4C1CC76C27CE4424003BB209 /* Debug */,
				4C1CC76D27CE4424003BB209 /* Release */,
			);
			defaultConfigurationIsVisible = 0;
			defaultConfigurationName = Release;
		};
/* End XCConfigurationList section */
	};
	rootObject = 4C1CC74F27CE4423003BB209 /* Project object */;
}
